
Microsoft Visual Studio Solution File, Format Version 12.00
# Visual Studio Version 17
VisualStudioVersion = 17.4.33205.214
MinimumVisualStudioVersion = 10.0.40219.1
Project("{FAE04EC0-301F-11D3-BF4B-00C04F79EFBC}") = "TravelMate.Domain", "TravelMate.Domain\TravelMate.Domain\TravelMate.Domain.csproj", "{E7F222E6-BCDE-40C3-B710-DB8B69546C8D}"
EndProject
Project("{FAE04EC0-301F-11D3-BF4B-00C04F79EFBC}") = "TravelMate.Application", "TravelMate.Application\TravelMate.Application\TravelMate.Application.csproj", "{0CDD3651-C5D1-4072-8B84-A8C654C387E3}"
EndProject
Project("{FAE04EC0-301F-11D3-BF4B-00C04F79EFBC}") = "TravelMate.Infrastructure", "TravelMate.Infrastructure\TravelMate.Infrastructure\TravelMate.Infrastructure.csproj", "{8EB339F9-686D-4D8C-B42A-DE5FA86E921A}"
EndProject
Project("{FAE04EC0-301F-11D3-BF4B-00C04F79EFBC}") = "TravelMate.Api", "TravelMate.Api\TravelMate.Api\TravelMate.Api.csproj", "{13736E87-F79A-410B-BAC5-F61B180275F9}"
EndProject
Global
	GlobalSection(SolutionConfigurationPlatforms) = preSolution
		Debug|Any CPU = Debug|Any CPU
		Release|Any CPU = Release|Any CPU
	EndGlobalSection
	GlobalSection(ProjectConfigurationPlatforms) = postSolution
		{E7F222E6-BCDE-40C3-B710-DB8B69546C8D}.Debug|Any CPU.ActiveCfg = Debug|Any CPU
		{E7F222E6-BCDE-40C3-B710-DB8B69546C8D}.Debug|Any CPU.Build.0 = Debug|Any CPU
		{E7F222E6-BCDE-40C3-B710-DB8B69546C8D}.Release|Any CPU.ActiveCfg = Release|Any CPU
		{E7F222E6-BCDE-40C3-B710-DB8B69546C8D}.Release|Any CPU.Build.0 = Release|Any CPU
		{0CDD3651-C5D1-4072-8B84-A8C654C387E3}.Debug|Any CPU.ActiveCfg = Debug|Any CPU
		{0CDD3651-C5D1-4072-8B84-A8C654C387E3}.Debug|Any CPU.Build.0 = Debug|Any CPU
		{0CDD3651-C5D1-4072-8B84-A8C654C387E3}.Release|Any CPU.ActiveCfg = Release|Any CPU
		{0CDD3651-C5D1-4072-8B84-A8C654C387E3}.Release|Any CPU.Build.0 = Release|Any CPU
		{8EB339F9-686D-4D8C-B42A-DE5FA86E921A}.Debug|Any CPU.ActiveCfg = Debug|Any CPU
		{8EB339F9-686D-4D8C-B42A-DE5FA86E921A}.Debug|Any CPU.Build.0 = Debug|Any CPU
		{8EB339F9-686D-4D8C-B42A-DE5FA86E921A}.Release|Any CPU.ActiveCfg = Release|Any CPU
		{8EB339F9-686D-4D8C-B42A-DE5FA86E921A}.Release|Any CPU.Build.0 = Release|Any CPU
		{13736E87-F79A-410B-BAC5-F61B180275F9}.Debug|Any CPU.ActiveCfg = Debug|Any CPU
		{13736E87-F79A-410B-BAC5-F61B180275F9}.Debug|Any CPU.Build.0 = Debug|Any CPU
		{13736E87-F79A-410B-BAC5-F61B180275F9}.Release|Any CPU.ActiveCfg = Release|Any CPU
		{13736E87-F79A-410B-BAC5-F61B180275F9}.Release|Any CPU.Build.0 = Release|Any CPU
	EndGlobalSection
	GlobalSection(SolutionProperties) = preSolution
		HideSolutionNode = FALSE
	EndGlobalSection
	GlobalSection(ExtensibilityGlobals) = postSolution
		SolutionGuid = {F3C7DFD3-B063-4DC7-8601-B7413FD6A929}
	EndGlobalSection
EndGlobal
